# Generated by pub
# See https://dart.dev/tools/pub/glossary#lockfile
packages:
  _fe_analyzer_shared:
    dependency: transitive
    description:
      name: _fe_analyzer_shared
      sha256: ccbb3dcd351ee36c7ff160c700c75620f6153c46de65e3a0c925a46a8bf3075c
      url: "https://pub.tarazerp.ir"
    source: hosted
    version: "85.0.0"
  analyzer:
    dependency: transitive
    description:
      name: analyzer
      sha256: b15db6a651f7a46421b4661eb9c91f3f16ab5b5c3f3ce3abd837fd9addc88eb8
      url: "https://pub.tarazerp.ir"
    source: hosted
    version: "7.7.1"
  args:
    dependency: transitive
    description:
      name: args
      sha256: "34b67ce1a3e41a875dc9007a2f44afcab84cb38264d33671dc50271cb93d9c2b"
      url: "https://pub.tarazerp.ir"
    source: hosted
    version: "2.7.0"
  async:
    dependency: transitive
    description:
      name: async
      sha256: e2eb0491ba5ddb6177742d2da23904574082139b07c1e33b8503b9f46f3e1a37
      url: "https://pub.tarazerp.ir"
    source: hosted
    version: "2.13.1"
  boolean_selector:
    dependency: transitive
    description:
      name: boolean_selector
      sha256: ecafba3f5e48cd971483fe79d36f493d3220863211d78692b433d40c4f2260e1
      url: "https://pub.tarazerp.ir"
    source: hosted
    version: "2.1.2"
  cached_network_image:
    dependency: "direct main"
    description:
      name: cached_network_image
      sha256: ec6d0cefc417945bf6586bfc89216d13f17e0e0c6f9c3068ba8720102b40bdd8
      url: "https://pub.tarazerp.ir"
    source: hosted
    version: "3.4.1"
  cached_network_image_platform_interface:
    dependency: transitive
    description:
      name: cached_network_image_platform_interface
      sha256: "44f1d7afdd26406eaaf55762be844faa648b369529a3469b94864a3334167964"
      url: "https://pub.tarazerp.ir"
    source: hosted
    version: "4.1.1"
  cached_network_image_web:
    dependency: transitive
    description:
      name: cached_network_image_web
      sha256: "1efdecdd91c9e49924506f019bb81ba70acaf4b5d13b31f7985e58bd3cf34a64"
      url: "https://pub.tarazerp.ir"
    source: hosted
    version: "1.3.1"
  characters:
    dependency: transitive
    description:
      name: characters
      sha256: "071d7ebf34b396b3d030535cb1b584db9e0f85c5617b0c99b805537981a79b14"
      url: "https://pub.tarazerp.ir"
    source: hosted
    version: "1.4.0"
  cli_config:
    dependency: transitive
    description:
      name: cli_config
      sha256: d744bf8e7f4155bca1bb4e39712cb5fd6b5e2e27c1de8d20def26a0c1c371c42
      url: "https://pub.tarazerp.ir"
    source: hosted
    version: "0.2.0"
  clock:
    dependency: transitive
    description:
      name: clock
      sha256: b58524664d681fb915b754a05008ae3f3418109d991a154083cee84262e6a7ec
      url: "https://pub.tarazerp.ir"
    source: hosted
    version: "1.1.2"
  collection:
    dependency: transitive
    description:
      name: collection
      sha256: "5d71ff3ceecc30fbb8c4c9e3386cd6d1b5be2b03de53713f7c0fef65d013bbf5"
      url: "https://pub.tarazerp.ir"
    source: hosted
    version: "1.19.1"
  convert:
    dependency: transitive
    description:
      name: convert
      sha256: a7267cd75a7aa85772e3cb6d359b8cc16a5c44b2e0bcb9ed4cb48179b6d6170b
      url: "https://pub.tarazerp.ir"
    source: hosted
    version: "3.1.2"
  coverage:
    dependency: transitive
    description:
      name: coverage
      sha256: ba614dce3dbc1dbe194275ec6bc4bd9ae1295a49cef045bf2b7373b64f6de595
      url: "https://pub.tarazerp.ir"
    source: hosted
    version: "1.15.0"
  cross_file:
    dependency: transitive
    description:
      name: cross_file
      sha256: "28bb3ae56f117b5aec029d702a90f57d285cd975c3c5c281eaca38dbc47c5937"
      url: "https://pub.tarazerp.ir"
    source: hosted
    version: "0.3.5+2"
  crypto:
    dependency: transitive
    description:
      name: crypto
      sha256: "31b97ff448664342d57e8a4a32101c39bf44db05fd7420fe2f4c24e0638d47e7"
      url: "https://pub.tarazerp.ir"
    source: hosted
    version: "3.0.7"
  cupertino_icons:
    dependency: "direct main"
    description:
      name: cupertino_icons
      sha256: "41e005c33bd814be4d3096aff55b1908d419fde52ca656c8c47719ec745873cd"
      url: "https://pub.tarazerp.ir"
    source: hosted
    version: "1.0.9"
  dio:
    dependency: "direct main"
    description:
      name: dio
      sha256: "47c5df900676d03f866b2ee4bc844adaab4eee97750f8d3e141184339688fcd0"
      url: "https://pub.tarazerp.ir"
    source: hosted
    version: "5.9.1"
  dio_web_adapter:
    dependency: transitive
    description:
      name: dio_web_adapter
      sha256: "2f9e64323a7c3c7ef69567d5c800424a11f8337b8b228bad02524c9fb3c1f340"
      url: "https://pub.tarazerp.ir"
    source: hosted
    version: "2.1.2"
  equatable:
    dependency: "direct main"
    description:
      name: equatable
      sha256: "0916a0cd949f278edc49870d8898230ac33ca5677d90f8e2e4e91af2dad0de7e"
      url: "https://pub.tarazerp.ir"
    source: hosted
    version: "2.0.8"
  fake_async:
    dependency: transitive
    description:
      name: fake_async
      sha256: "8547de021ebe5d3cf0f3b956c9981a846eb8d529f4e6f005d235913c8ea73d01"
      url: "https://pub.tarazerp.ir"
    source: hosted
    version: "1.3.3"
  ffi:
    dependency: transitive
    description:
      name: ffi
      sha256: "6d7fd89431262d8f3125e81b50d3847a091d846eafcd4fdb88dd06f36d705a45"
      url: "https://pub.tarazerp.ir"
    source: hosted
    version: "2.2.0"
  file:
    dependency: transitive
    description:
      name: file
      sha256: "2b9724f313622f2f3144b69a4820bb2db7a0a9eb0c14277d763f443ed58e04e6"
      url: "https://pub.tarazerp.ir"
    source: hosted
    version: "7.0.1"
  file_selector_linux:
    dependency: transitive
    description:
      name: file_selector_linux
      sha256: d06c531133e34f1e742fe602fafedbd9d455adc6047d943df7f640b963c4014d
      url: "https://pub.tarazerp.ir"
    source: hosted
    version: "0.9.4"
  file_selector_macos:
    dependency: transitive
    description:
      name: file_selector_macos
      sha256: "96923f6f693fabab6d951d98f371865593d65594e4236e0bfe377980ecdee29d"
      url: "https://pub.tarazerp.ir"
    source: hosted
    version: "0.9.5"
  file_selector_platform_interface:
    dependency: transitive
    description:
      name: file_selector_platform_interface
      sha256: c22a421d423bcb73bc179c4f283564a493899035203e87829f95e2a3abf1cc27
      url: "https://pub.tarazerp.ir"
    source: hosted
    version: "2.7.0"
  file_selector_windows:
    dependency: transitive
    description:
      name: file_selector_windows
      sha256: b369a51d97858cf6eadcd746b17f9b9dc74d2199af5780770d7291dd3fa9f533
      url: "https://pub.tarazerp.ir"
    source: hosted
    version: "0.9.3+5"
  fixnum:
    dependency: transitive
    description:
      name: fixnum
      sha256: "6c15e1adca2bb3288a41b09e3dc4fb240a9ebcbff492f94e4d3450a438d84827"
      url: "https://pub.tarazerp.ir"
    source: hosted
    version: "1.1.1"
  flutter:
    dependency: "direct main"
    description: flutter
    source: sdk
    version: "0.0.0"
  flutter_cache_manager:
    dependency: transitive
    description:
      name: flutter_cache_manager
      sha256: c11c78ea1b542c50808e7b150e5f6bf4df74f714ca8b1a9cbc86855259340e59
      url: "https://pub.tarazerp.ir"
    source: hosted
    version: "3.4.1"
  flutter_lints:
    dependency: "direct dev"
    description:
      name: flutter_lints
      sha256: "2bf3b46e83325cf1327e3537b8d5ec223fbe9d8d6208498a277ff90cbdcfa950"
      url: "https://pub.tarazerp.ir"
    source: hosted
    version: "6.0.0"
  flutter_localization:
    dependency: "direct main"
    description:
      name: flutter_localization
      sha256: "578a73455a0deffc4169ef9372ba0562a3e2cff563e5c524ea87bc96daa519c0"
      url: "https://pub.tarazerp.ir"
    source: hosted
    version: "0.3.3"
  flutter_localizations:
    dependency: "direct main"
    description: flutter
    source: sdk
    version: "0.0.0"
  flutter_plugin_android_lifecycle:
    dependency: transitive
    description:
      name: flutter_plugin_android_lifecycle
      sha256: "38d1c268de9097ff59cf0e844ac38759fc78f76836d37edad06fa21e182055a0"
      url: "https://pub.tarazerp.ir"
    source: hosted
    version: "2.0.34"
  flutter_riverpod:
    dependency: "direct main"
    description:
      name: flutter_riverpod
      sha256: f97298eea0b03be39f7081a5333e5d1fd104dcdeabc241a009f14aaa0de64c70
      url: "https://pub.tarazerp.ir"
    source: hosted
    version: "3.1.0"
  flutter_secure_storage:
    dependency: "direct main"
    description:
      name: flutter_secure_storage
      sha256: b18050561b6566531746265a5c8101eb70c82d1f127799fe98598312019e05fe
      url: "https://pub.tarazerp.ir"
    source: hosted
    version: "10.0.0"
  flutter_secure_storage_darwin:
    dependency: transitive
    description:
      name: flutter_secure_storage_darwin
      sha256: c3a8af4eb3f9a471f83bcc7a60cb7ee405eedbd195729aa70161dd22cd23c2dd
      url: "https://pub.tarazerp.ir"
    source: hosted
    version: "0.2.0"
  flutter_secure_storage_linux:
    dependency: transitive
    description:
      name: flutter_secure_storage_linux
      sha256: "7574d7f2eef601e6b28d0d803ea37bf07c89150fe2f5e4b10770cfd4f7088fe3"
      url: "https://pub.tarazerp.ir"
    source: hosted
    version: "3.0.0"
  flutter_secure_storage_platform_interface:
    dependency: transitive
    description:
      name: flutter_secure_storage_platform_interface
      sha256: cf1dc0d82d625bd720acf4ed7f3ab3f5ac2a1451f7995e8140957dfbef5db86a
      url: "https://pub.tarazerp.ir"
    source: hosted
    version: "2.0.1"
  flutter_secure_storage_web:
    dependency: transitive
    description:
      name: flutter_secure_storage_web
      sha256: feaac58d997afd369770b10f5f97523d110cfafa86f3208156200cb32f582a80
      url: "https://pub.tarazerp.ir"
    source: hosted
    version: "2.1.0"
  flutter_secure_storage_windows:
    dependency: transitive
    description:
      name: flutter_secure_storage_windows
      sha256: a4cb77d4c624aaf24b745e13c9217a5d7a7a82bbd0d83fd908b0edf357590ff7
      url: "https://pub.tarazerp.ir"
    source: hosted
    version: "4.1.0"
  flutter_test:
    dependency: "direct dev"
    description: flutter
    source: sdk
    version: "0.0.0"
  flutter_web_plugins:
    dependency: transitive
    description: flutter
    source: sdk
    version: "0.0.0"
  fpdart:
    dependency: "direct main"
    description:
      name: fpdart
      sha256: f8e9d0989ba293946673e382c59ac513e30cb6746a9452df195f29e3357a73d4
      url: "https://pub.tarazerp.ir"
    source: hosted
    version: "1.2.0"
  frontend_server_client:
    dependency: transitive
    description:
      name: frontend_server_client
      sha256: "20b9a34f5f855558558d5dfb86f9c20c455d2868434baed3b2e1549e9a933e7a"
      url: "https://pub.tarazerp.ir"
    source: hosted
    version: "4.0.0"
  glob:
    dependency: transitive
    description:
      name: glob
      sha256: "72c1ae5d261e5fac3d90637bf4dad11fd3f5635d29e0b418835ad4cc0be83833"
      url: "https://pub.tarazerp.ir"
    source: hosted
    version: "2.1.3"
  go_router:
    dependency: "direct main"
    description:
      name: go_router
      sha256: "7974313e217a7771557add6ff2238acb63f635317c35fa590d348fb238f00896"
      url: "https://pub.tarazerp.ir"
    source: hosted
    version: "17.1.0"
  http:
    dependency: transitive
    description:
      name: http
      sha256: "8628ce839226ce411a227267566ccc3147f3a24d6d66b63938b5fa48d9c405ae"
      url: "https://pub.tarazerp.ir"
    source: hosted
    version: "1.6.0"
  http_multi_server:
    dependency: transitive
    description:
      name: http_multi_server
      sha256: "6ce608f3b6416948c818f44bed864025df756f03c14b5989aa544ec087de5be5"
      url: "https://pub.tarazerp.ir"
    source: hosted
    version: "3.2.2"
  http_parser:
    dependency: transitive
    description:
      name: http_parser
      sha256: f38ffa72ab33b9a5f99ca9bdfbc65af6d52267760377788c4b04b06f1c1c06a1
      url: "https://pub.tarazerp.ir"
    source: hosted
    version: "4.1.2"
  image_picker:
    dependency: "direct main"
    description:
      name: image_picker
      sha256: c625a93735e214dbde67bb20279b0d3e81bda639a582e1f6a7f683d048c73568
      url: "https://pub.tarazerp.ir"
    source: hosted
    version: "1.2.1"
  image_picker_android:
    dependency: transitive
    description:
      name: image_picker_android
      sha256: "9eae0cbd672549dacc18df855c2a23782afe4854ada5190b7d63b30ee0b0d3fd"
      url: "https://pub.tarazerp.ir"
    source: hosted
    version: "0.8.13+15"
  image_picker_for_web:
    dependency: transitive
    description:
      name: image_picker_for_web
      sha256: f7bfc56dc64d2458407d1707f98621d57a1982b1a198b01780fdf93bc556d897
      url: "https://pub.tarazerp.ir"
    source: hosted
    version: "3.1.1"
  image_picker_ios:
    dependency: transitive
    description:
      name: image_picker_ios
      sha256: "03d7bdb54c7bba9f07ee0165e69a1311be4ed46fd26efb5df2bd2340477f770d"
      url: "https://pub.tarazerp.ir"
    source: hosted
    version: "0.8.13+3"
  image_picker_linux:
    dependency: transitive
    description:
      name: image_picker_linux
      sha256: "6373fc2fea231c1e18d17e3d1812d4e07a799cf5f5e4a55b5242569073186596"
      url: "https://pub.tarazerp.ir"
    source: hosted
    version: "0.2.2"
  image_picker_macos:
    dependency: transitive
    description:
      name: image_picker_macos
      sha256: aa9f73393fe3489ff5480ddd2d30eebaebf846a6e761f3078a1d8c00d311b360
      url: "https://pub.tarazerp.ir"
    source: hosted
    version: "0.2.2+1"
  image_picker_platform_interface:
    dependency: transitive
    description:
      name: image_picker_platform_interface
      sha256: df99cae750269af572c36488e118c4c0c21722645599fe6d70c810467e25d168
      url: "https://pub.tarazerp.ir"
    source: hosted
    version: "2.11.1"
  image_picker_windows:
    dependency: transitive
    description:
      name: image_picker_windows
      sha256: b5fa4441d37dc9ceb197da8f21c0573c2ab04917732d0f848da960f9693cf7dd
      url: "https://pub.tarazerp.ir"
    source: hosted
    version: "0.2.2"
  intl:
    dependency: "direct main"
    description:
      name: intl
      sha256: "3f2a34cdf1d60621e392f3c25393bc2d02b891e8dd3205e993cda25714ed97a4"
      url: "https://pub.tarazerp.ir"
    source: hosted
    version: "0.20.2"
  io:
    dependency: transitive
    description:
      name: io
      sha256: c9d858f8ad26a8035ab6eb7095e42c061cb4c1488c4cdbc70bdb445ca9144eb1
      url: "https://pub.tarazerp.ir"
    source: hosted
    version: "1.0.5"
  js:
    dependency: transitive
    description:
      name: js
      sha256: "0b6ee9de42f96d550a7e3c408450bd4057f890dce8da5b5f924b7dca01a82e34"
      url: "https://pub.tarazerp.ir"
    source: hosted
    version: "0.7.2"
  leak_tracker:
    dependency: transitive
    description:
      name: leak_tracker
      sha256: "182f2b7b157b8f2504793e3ecd66b8a4e322e1698ef7ab00a9453ef047e95b10"
      url: "https://pub.tarazerp.ir"
    source: hosted
    version: "11.0.2"
  leak_tracker_flutter_testing:
    dependency: transitive
    description:
      name: leak_tracker_flutter_testing
      sha256: "33ba21dd2e0aebdb829b1c87817c37c0c8957fc2689837189305fd35acdd6f8a"
      url: "https://pub.tarazerp.ir"
    source: hosted
    version: "3.0.10"
  leak_tracker_testing:
    dependency: transitive
    description:
      name: leak_tracker_testing
      sha256: "1c8c9f8288a8498abc17d86224b4ea6c54e2a74b7df272b580c7c35b7e94a0e9"
      url: "https://pub.tarazerp.ir"
    source: hosted
    version: "3.0.2"
  lints:
    dependency: transitive
    description:
      name: lints
      sha256: "12f842a479589fea194fe5c5a3095abc7be0c1f2ddfa9a0e76aed1dbd26a87df"
      url: "https://pub.tarazerp.ir"
    source: hosted
    version: "6.1.0"
  logger:
    dependency: "direct main"
    description:
      name: logger
      sha256: "25aee487596a6257655a1e091ec2ae66bc30e7af663592cc3a27e6591e05035c"
      url: "https://pub.tarazerp.ir"
    source: hosted
    version: "2.7.0"
  logging:
    dependency: transitive
    description:
      name: logging
      sha256: "127e09b93ceefa2e268a422288520511e468662778993ec12b5e51e8a0cb68c4"
      url: "https://pub.tarazerp.ir"
    source: hosted
    version: "1.3.0"
  matcher:
    dependency: transitive
    description:
      name: matcher
      sha256: "3e55f41f496871210a7f6a0a8b890a00c7d5923ad80333adc1b8eb879629fc85"
      url: "https://pub.tarazerp.ir"
    source: hosted
    version: "0.12.17"
  material_color_utilities:
    dependency: transitive
    description:
      name: material_color_utilities
      sha256: a7dcfcdc9e0b40915490c1b0db9b28cf035db788e9aa43d3786c3ebb93c30498
      url: "https://pub.tarazerp.ir"
    source: hosted
    version: "0.11.1"
  meta:
    dependency: transitive
    description:
      name: meta
      sha256: "0e6be0e31e0094ca29e6d8d718ca9b35f340c60ae20dfb1f7b924cbf46c2c900"
      url: "https://pub.tarazerp.ir"
    source: hosted
    version: "1.16.0"
  mime:
    dependency: transitive
    description:
      name: mime
      sha256: "2eb8c649b955456137a254994c2eafdbc70da6fdffac1b12613d9739a3d2bea3"
      url: "https://pub.tarazerp.ir"
    source: hosted
    version: "2.0.0"
  node_preamble:
    dependency: transitive
    description:
      name: node_preamble
      sha256: ca3bdf8675b202a6d9cee802751a8a401f7f8b8ebe283868701b692b0f357cef
      url: "https://pub.tarazerp.ir"
    source: hosted
    version: "2.0.2"
  octo_image:
    dependency: transitive
    description:
      name: octo_image
      sha256: ca17a717b88a18212559d324e9ac97cad0ac4a1d33df703f7387c83161e0ff14
      url: "https://pub.tarazerp.ir"
    source: hosted
    version: "2.1.0"
  package_config:
    dependency: transitive
    description:
      name: package_config
      sha256: bebe769c47c34d0846c5b4252c6d85b4c0d50c4e18bc816995fb4fc49d5fd1b8
      url: "https://pub.tarazerp.ir"
    source: hosted
    version: "2.2.0"
  path:
    dependency: transitive
    description:
      name: path
      sha256: f2ddc9037096de7b32a4343e48813d4641eae7f9d0359a058e412e3dac12ff97
      url: "https://pub.tarazerp.ir"
    source: hosted
    version: "1.9.1"
  path_provider:
    dependency: transitive
    description:
      name: path_provider
      sha256: "45bd3d5bc9253af98c79598e9e69889940afd3e8cd6badd75a6de279fee1f7a3"
      url: "https://pub.tarazerp.ir"
    source: hosted
    version: "2.1.5"
  path_provider_android:
    dependency: transitive
    description:
      name: path_provider_android
      sha256: "149441ca6e4f38193b2e004c0ca6376a3d11f51fa5a77552d8bd4d2b0c0912ba"
      url: "https://pub.tarazerp.ir"
    source: hosted
    version: "2.2.23"
  path_provider_foundation:
    dependency: transitive
    description:
      name: path_provider_foundation
      sha256: edb42c5937b3a623a08e73225c8fe268950fd4209749c24bb077cde76aef1efd
      url: "https://pub.tarazerp.ir"
    source: hosted
    version: "2.5.1"
  path_provider_linux:
    dependency: transitive
    description:
      name: path_provider_linux
      sha256: b1c2e1113274b0a1105a46ad79230b96ef465226990c28737ca0011c0b10479a
      url: "https://pub.tarazerp.ir"
    source: hosted
    version: "2.2.1"
  path_provider_platform_interface:
    dependency: transitive
    description:
      name: path_provider_platform_interface
      sha256: e341883a7631b7f60d5528d7c54cce44bb8be6edfc854f82ff7cb72a22cdb7f9
      url: "https://pub.tarazerp.ir"
    source: hosted
    version: "2.1.2"
  path_provider_windows:
    dependency: transitive
    description:
      name: path_provider_windows
      sha256: "13bee4bcd6cd297d699da6f6aa5d7a62cb1e12199002c24b1e4b7b8bfe1e75d4"
      url: "https://pub.tarazerp.ir"
    source: hosted
    version: "2.3.0"
  persian_datetime_picker:
    dependency: "direct main"
    description:
      name: persian_datetime_picker
      sha256: "803bb086bce952cb4f35b9df89bd5e8209e89bb5bd7be69e1d6bbbed495d1102"
      url: "https://pub.tarazerp.ir"
    source: hosted
    version: "3.2.0"
  platform:
    dependency: transitive
    description:
      name: platform
      sha256: "872be4110138e562b6da10ccdc02a0e5d706f3029831847fd520f4a4a0a6c4fc"
      url: "https://pub.tarazerp.ir"
    source: hosted
    version: "3.1.6"
  plugin_platform_interface:
    dependency: transitive
    description:
      name: plugin_platform_interface
      sha256: "9791231257169a04f67ee2fdad587217c313b77e2476eda4cd7c76ed9c93b331"
      url: "https://pub.tarazerp.ir"
    source: hosted
    version: "2.1.8"
  pool:
    dependency: transitive
    description:
      name: pool
      sha256: "59dc3174486179e27c1957a2f5dc19120b12eea19df601e145359ec69425d1e0"
      url: "https://pub.tarazerp.ir"
    source: hosted
    version: "1.5.2"
  pub_semver:
    dependency: transitive
    description:
      name: pub_semver
      sha256: "37e0498a1ceb6a5245b98021dc2efe9fb681bade0d7ff00c824c2769785c26df"
      url: "https://pub.tarazerp.ir"
    source: hosted
    version: "2.2.0"
  riverpod:
    dependency: transitive
    description:
      name: riverpod
      sha256: "4d468d3af281264f14c576794568053fa1b8b0dfb63e2c4dc63211df74078037"
      url: "https://pub.tarazerp.ir"
    source: hosted
    version: "3.1.0"
  rxdart:
    dependency: transitive
    description:
      name: rxdart
      sha256: "826d1a876ef3c6f4e72150a7082deab84104ef26a74921d0d735259b381ded3a"
      url: "https://pub.tarazerp.ir"
    source: hosted
    version: "0.28.0"
  shamsi_date:
    dependency: transitive
    description:
      name: shamsi_date
      sha256: "96ee24409426b3e39badefb0d2e9a833d640391ccf714368bfce18ec48b01294"
      url: "https://pub.tarazerp.ir"
    source: hosted
    version: "1.1.1"
  shared_preferences:
    dependency: "direct main"
    description:
      name: shared_preferences
      sha256: cbdcb460cae2d84710887c91e663f705a5056e689f872838fdbc58801319f909
      url: "https://pub.tarazerp.ir"
    source: hosted
    version: "2.5.4"
  shared_preferences_android:
    dependency: transitive
    description:
      name: shared_preferences_android
      sha256: e8d4762b1e2e8578fc4d0fd548cebf24afd24f49719c08974df92834565e2c53
      url: "https://pub.tarazerp.ir"
    source: hosted
    version: "2.4.23"
  shared_preferences_foundation:
    dependency: transitive
    description:
      name: shared_preferences_foundation
      sha256: "4a8d8e7c7a85f4a3c351cf9517dcb2abce89381f204a6d3a85eef72b2af95a67"
      url: "https://pub.tarazerp.ir"
    source: hosted
    version: "2.5.6"
  shared_preferences_linux:
    dependency: transitive
    description:
      name: shared_preferences_linux
      sha256: "8bacf89e0554c453c7b692a1477cf2667a992acffa98dc6e6159579dbb3e2011"
      url: "https://pub.tarazerp.ir"
    source: hosted
    version: "2.4.1"
  shared_preferences_platform_interface:
    dependency: transitive
    description:
      name: shared_preferences_platform_interface
      sha256: "649dc798a33931919ea356c4305c2d1f81619ea6e92244070b520187b5140ef9"
      url: "https://pub.tarazerp.ir"
    source: hosted
    version: "2.4.2"
  shared_preferences_web:
    dependency: transitive
    description:
      name: shared_preferences_web
      sha256: "3ad2c8b8d9bb6bd60aee9b3a35148bd2ce9de513ecdb794d18b78ba5c9100a0e"
      url: "https://pub.tarazerp.ir"
    source: hosted
    version: "2.4.3"
  shared_preferences_windows:
    dependency: transitive
    description:
      name: shared_preferences_windows
      sha256: "8776f819f57ca5fe4bb9e2e3436753b655b0ec3e97bf187ac578ee9d8d7e2edb"
      url: "https://pub.tarazerp.ir"
    source: hosted
    version: "2.4.1"
  shelf:
    dependency: transitive
    description:
      name: shelf
      sha256: "28716bcb5f3a6c844d856de423b2f7948468dfbcd02e71ed5ae5872a2dc63698"
      url: "https://pub.tarazerp.ir"
    source: hosted
    version: "1.4.2"
  shelf_packages_handler:
    dependency: transitive
    description:
      name: shelf_packages_handler
      sha256: e932ce06b93557bd0103ffe19f4a0ee499a4d41cc5f9b1ddc748ad1e81686640
      url: "https://pub.tarazerp.ir"
    source: hosted
    version: "3.0.2"
  shelf_static:
    dependency: transitive
    description:
      name: shelf_static
      sha256: "7e4945aabc57fa0a552936481e9c28c95042ac7516226adab3c370e925e1f865"
      url: "https://pub.tarazerp.ir"
    source: hosted
    version: "1.1.3"
  shelf_web_socket:
    dependency: transitive
    description:
      name: shelf_web_socket
      sha256: "8f25619dc91b870a1b2874ad8deb2b59ffa3db9bdd6b41830759ec9f49d3ceb5"
      url: "https://pub.tarazerp.ir"
    source: hosted
    version: "3.0.0"
  sky_engine:
    dependency: transitive
    description: flutter
    source: sdk
    version: "0.0.0"
  source_map_stack_trace:
    dependency: transitive
    description:
      name: source_map_stack_trace
      sha256: d9c216a30dc704eecf5b859cec5906486218640c38488e435db60f8dc477faf8
      url: "https://pub.tarazerp.ir"
    source: hosted
    version: "2.1.2"
  source_maps:
    dependency: transitive
    description:
      name: source_maps
      sha256: "91c7a4a9bf1c895d9b3f83e442f866d3a41c8d015ca25f68992e67e920a57302"
      url: "https://pub.tarazerp.ir"
    source: hosted
    version: "0.10.13"
  source_span:
    dependency: transitive
    description:
      name: source_span
      sha256: "56a02f1f4cd1a2d96303c0144c93bd6d909eea6bee6bf5a0e0b685edbd4c47ab"
      url: "https://pub.tarazerp.ir"
    source: hosted
    version: "1.10.2"
  sqflite:
    dependency: transitive
    description:
      name: sqflite
      sha256: "5401f4dccc3a570e3ef91ab1ff4aab8b823b03188995b305abbc7190e5a8569a"
      url: "https://pub.tarazerp.ir"
    source: hosted
    version: "2.4.2"
  sqflite_android:
    dependency: transitive
    description:
      name: sqflite_android
      sha256: "86c0b395777df4f1bb1eaf4e94fd6869e1419c005d163a9030b6db80865fd6f9"
      url: "https://pub.tarazerp.ir"
    source: hosted
    version: "2.4.2+2"
  sqflite_common:
    dependency: transitive
    description:
      name: sqflite_common
      sha256: "6ba36b4bd65f739747c9e1c8ab56ee7fa134e173b6c276c96b5f15de85aad194"
      url: "https://pub.tarazerp.ir"
    source: hosted
    version: "2.5.6"
  sqflite_darwin:
    dependency: transitive
    description:
      name: sqflite_darwin
      sha256: "4012e14adb62857e2b22740ef1fdbc7b73752c68faf410dd0489046a58da4f6c"
      url: "https://pub.tarazerp.ir"
    source: hosted
    version: "2.4.2"
  sqflite_platform_interface:
    dependency: transitive
    description:
      name: sqflite_platform_interface
      sha256: d03fbb6f47930a6397eba1304ef61190a2919b6f8f43f94a6f1ffe13a8697dfa
      url: "https://pub.tarazerp.ir"
    source: hosted
    version: "2.4.0"
  stack_trace:
    dependency: transitive
    description:
      name: stack_trace
      sha256: "0037d7a0e3e3c9a547c7f29661d086af41d5cc0d59951e9760647339c17da7e7"
      url: "https://pub.tarazerp.ir"
    source: hosted
    version: "1.12.1"
  state_notifier:
    dependency: transitive
    description:
      name: state_notifier
      sha256: "360ab218b728e3aa5031670a4464f0d231038fa2f61981509599ec2c1728e632"
      url: "https://pub.tarazerp.ir"
    source: hosted
    version: "1.0.0"
  stream_channel:
    dependency: transitive
    description:
      name: stream_channel
      sha256: "85021f7502ce19ba9bc6022b046e00d70b3b7dbc2531fbfe719ac917de9e4cad"
      url: "https://pub.tarazerp.ir"
    source: hosted
    version: "2.1.4"
  string_scanner:
    dependency: transitive
    description:
      name: string_scanner
      sha256: e636974dffeaf897e85e534ac4def377a2b520ee3f663ddd132f7f66e75c3d6d
      url: "https://pub.tarazerp.ir"
    source: hosted
    version: "1.4.1"
  synchronized:
    dependency: transitive
    description:
      name: synchronized
      sha256: "6ae936b1b38013ed81b7cff046e95b79baccd6f20f6ea76a9c431c98b018ce62"
      url: "https://pub.tarazerp.ir"
    source: hosted
    version: "3.4.0"
  term_glyph:
    dependency: transitive
    description:
      name: term_glyph
      sha256: d6ea57eeb1944bea325d29cc207d3c2a24b254350100eb6663f5d0eba12ecc3b
      url: "https://pub.tarazerp.ir"
    source: hosted
    version: "1.2.2"
  test:
    dependency: transitive
    description:
      name: test
      sha256: "65e29d831719be0591f7b3b1a32a3cda258ec98c58c7b25f7b84241bc31215bb"
      url: "https://pub.tarazerp.ir"
    source: hosted
    version: "1.26.2"
  test_api:
    dependency: transitive
    description:
      name: test_api
      sha256: "63cfe499c42a67da1482d6483ad2dd470bbaa367f74ab0ec8b18ddce95d5c70b"
      url: "https://pub.tarazerp.ir"
    source: hosted
    version: "0.7.6"
  test_core:
    dependency: transitive
    description:
      name: test_core
      sha256: "80bf5a02b60af04b09e14f6fe68b921aad119493e26e490deaca5993fef1b05a"
      url: "https://pub.tarazerp.ir"
    source: hosted
    version: "0.6.11"
  typed_data:
    dependency: transitive
    description:
      name: typed_data
      sha256: c48a2ee9c76c41db079cd9fd6a403900ba7452f9a2138376a8fdc30ad1c61731
      url: "https://pub.tarazerp.ir"
    source: hosted
    version: "1.4.0"
  universal_io:
    dependency: transitive
    description:
      name: universal_io
      sha256: f63cbc48103236abf48e345e07a03ce5757ea86285ed313a6a032596ed9301e2
      url: "https://pub.tarazerp.ir"
    source: hosted
    version: "2.3.1"
  uuid:
    dependency: transitive
    description:
      name: uuid
      sha256: "1fef9e8e11e2991bb773070d4656b7bd5d850967a2456cfc83cf47925ba79489"
      url: "https://pub.tarazerp.ir"
    source: hosted
    version: "4.5.3"
  vector_math:
    dependency: transitive
    description:
      name: vector_math
      sha256: e2f2aa37c4ef504cba572a93f01bcf389ac10489c6e499ee5d122d274a375077
      url: "https://pub.tarazerp.ir"
    source: hosted
    version: "2.2.0"
  vm_service:
    dependency: transitive
    description:
      name: vm_service
      sha256: dac93c8aec55ce115fa4a6500b3a15f24e1debbaa7248d460ca5e6df756f68aa
      url: "https://pub.tarazerp.ir"
    source: hosted
    version: "15.0.2"
  watcher:
    dependency: transitive
    description:
      name: watcher
      sha256: "8a94cf2a70187ba61b1f0bca7086c41a7f040fc79326001d4b288f941eb99e3c"
      url: "https://pub.tarazerp.ir"
    source: hosted
    version: "1.2.1"
  web:
    dependency: transitive
    description:
      name: web
      sha256: "5c6c9073f204d3015d106b3ab6c93034dc477d2158c338d3471b309869344662"
      url: "https://pub.tarazerp.ir"
    source: hosted
    version: "1.1.1"
  web_socket:
    dependency: transitive
    description:
      name: web_socket
      sha256: b92a00d7fcda27c7dedac1a791c71d339b07cb5cf017fd4a8b33bbb75e5e7efd
      url: "https://pub.tarazerp.ir"
    source: hosted
    version: "1.0.1"
  web_socket_channel:
    dependency: transitive
    description:
      name: web_socket_channel
      sha256: "6667904561e743b61cf97e7863f2e2779c90e12dab423459d2902733be5d885d"
      url: "https://pub.tarazerp.ir"
    source: hosted
    version: "3.0.3"
  webkit_inspection_protocol:
    dependency: transitive
    description:
      name: webkit_inspection_protocol
      sha256: "8a47f0ca0c83742087d907c3f04db96ba4d8857b60f2e846e160262be170b628"
      url: "https://pub.tarazerp.ir"
    source: hosted
    version: "1.2.1"
  win32:
    dependency: transitive
    description:
      name: win32
      sha256: "7cc19e92e3776614ca652c55d1cf334238055d852813e8a9475b89d05f4998b5"
      url: "https://pub.tarazerp.ir"
    source: hosted
    version: "5.15.0"
  xdg_directories:
    dependency: transitive
    description:
      name: xdg_directories
      sha256: "8987dd98547b7293f302283e3bee2d95e21e53fd0e461078055fead776f35445"
      url: "https://pub.tarazerp.ir"
    source: hosted
    version: "1.1.0"
  yaml:
    dependency: transitive
    description:
      name: yaml
      sha256: "29c45dfe7e1f2e41542ea57c46e59843e647f67c73c1d516b05fa6104b910c34"
      url: "https://pub.tarazerp.ir"
    source: hosted
    version: "3.1.3"
sdks:
  dart: ">=3.9.2 <4.0.0"
  flutter: ">=3.35.0"
